
Microsoft Visual Studio Solution File, Format Version 12.00
# Visual Studio Version 17
VisualStudioVersion = 17.9.34701.34
MinimumVisualStudioVersion = 10.0.40219.1
Project("{9A19103F-16F7-4668-BE54-9A1E7A4F7556}") = "OrderService", "OrderService\OrderService.csproj", "{67FF05F0-FD2A-4587-B3B5-888F026F3A09}"
EndProject
Project("{9A19103F-16F7-4668-BE54-9A1E7A4F7556}") = "ProductionService", "ProductionService\ProductionService.csproj", "{F6068C41-1422-414D-B2BF-B265BFD80EFC}"
EndProject
Project("{FAE04EC0-301F-11D3-BF4B-00C04F79EFBC}") = "WarehouseService", "WarehouseService\WarehouseService.csproj", "{50A3D10D-C0A1-4F5D-8C86-CA65F5CC5EA3}"
EndProject
Global
	GlobalSection(SolutionConfigurationPlatforms) = preSolution
		Debug|Any CPU = Debug|Any CPU
		Release|Any CPU = Release|Any CPU
	EndGlobalSection
	GlobalSection(ProjectConfigurationPlatforms) = postSolution
		{67FF05F0-FD2A-4587-B3B5-888F026F3A09}.Debug|Any CPU.ActiveCfg = Debug|Any CPU
		{67FF05F0-FD2A-4587-B3B5-888F026F3A09}.Debug|Any CPU.Build.0 = Debug|Any CPU
		{67FF05F0-FD2A-4587-B3B5-888F026F3A09}.Release|Any CPU.ActiveCfg = Release|Any CPU
		{67FF05F0-FD2A-4587-B3B5-888F026F3A09}.Release|Any CPU.Build.0 = Release|Any CPU
		{F6068C41-1422-414D-B2BF-B265BFD80EFC}.Debug|Any CPU.ActiveCfg = Debug|Any CPU
		{F6068C41-1422-414D-B2BF-B265BFD80EFC}.Debug|Any CPU.Build.0 = Debug|Any CPU
		{F6068C41-1422-414D-B2BF-B265BFD80EFC}.Release|Any CPU.ActiveCfg = Release|Any CPU
		{F6068C41-1422-414D-B2BF-B265BFD80EFC}.Release|Any CPU.Build.0 = Release|Any CPU
		{50A3D10D-C0A1-4F5D-8C86-CA65F5CC5EA3}.Debug|Any CPU.ActiveCfg = Debug|Any CPU
		{50A3D10D-C0A1-4F5D-8C86-CA65F5CC5EA3}.Debug|Any CPU.Build.0 = Debug|Any CPU
		{50A3D10D-C0A1-4F5D-8C86-CA65F5CC5EA3}.Release|Any CPU.ActiveCfg = Release|Any CPU
		{50A3D10D-C0A1-4F5D-8C86-CA65F5CC5EA3}.Release|Any CPU.Build.0 = Release|Any CPU
	EndGlobalSection
	GlobalSection(SolutionProperties) = preSolution
		HideSolutionNode = FALSE
	EndGlobalSection
	GlobalSection(ExtensibilityGlobals) = postSolution
		SolutionGuid = {2D9C55C0-BC23-4C8E-8956-3D36E98C1714}
	EndGlobalSection
EndGlobal
